# This file is automatically @generated by Cargo.
# It is not intended for manual editing.
version = 3

[[package]]
name = "shogi_core"
version = "0.1.0"
source = "registry+https://github.com/rust-lang/crates.io-index"
checksum = "b7439bb95cc9cc291e2fb96a824a82cd9d3aa976c23f3497cacecbbe17c2e1d8"

[[package]]
name = "shogi_usi_parser"
version = "0.1.0"
dependencies = [
 "shogi_core",
]

[[package]]
name = "shogi_usi_parser_c"
version = "0.1.0"
dependencies = [
 "shogi_usi_parser",
]
