# This file is automatically @generated by Cargo.
# It is not intended for manual editing.
version = 3

[[package]]
name = "shogi_core"
version = "0.1.0"
source = "git+https://github.com/rust-shogi-crates/shogi_core#004169285387f0710e0cf0580bb4da2d83682d2f"

[[package]]
name = "shogi_usi_parser"
version = "0.1.0"
dependencies = [
 "shogi_core",
]

[[package]]
name = "shogi_usi_parser_c"
version = "0.1.0"
dependencies = [
 "shogi_usi_parser",
]
