# This file is automatically @generated by Cargo.
# It is not intended for manual editing.
version = 3

[[package]]
name = "shogi_core"
version = "0.1.3"
source = "registry+https://github.com/rust-lang/crates.io-index"
checksum = "7f1cc0e98d4e78c3ad6d740dbf75c28da7626933617f8d7201b84ca1da967006"

[[package]]
name = "shogi_legality_lite"
version = "0.1.0"
source = "registry+https://github.com/rust-lang/crates.io-index"
checksum = "b5d6e854c66d3cc63d135f5a1f5a766245608f6de176af43f28320704e90cd44"
dependencies = [
 "shogi_core",
]

[[package]]
name = "shogi_official_kifu"
version = "0.1.0"
dependencies = [
 "shogi_core",
 "shogi_legality_lite",
 "shogi_usi_parser",
]

[[package]]
name = "shogi_official_kifu_c"
version = "0.0.0-unpublished"
dependencies = [
 "shogi_official_kifu",
]

[[package]]
name = "shogi_usi_parser"
version = "0.1.0"
source = "registry+https://github.com/rust-lang/crates.io-index"
checksum = "f39adab2055cf0bc5c9523b237e14ad9aba385bc7ebf90c9385876a48cef8c62"
dependencies = [
 "shogi_core",
]
