# This file is automatically @generated by Cargo.
# It is not intended for manual editing.
version = 3

[[package]]
name = "shogi_core"
version = "0.1.5"
source = "registry+https://github.com/rust-lang/crates.io-index"
checksum = "3d0a7de4ff7c66bf0b6346bda1d530c94a496f8aa3317938923886c58191aa14"

[[package]]
name = "shogi_legality_lite"
version = "0.1.1"
source = "registry+https://github.com/rust-lang/crates.io-index"
checksum = "4a1b3b7f5092269af9fad7d3c6978824179d27f04f4bbaecad6ac4adf6f94f16"
dependencies = [
 "shogi_core",
]

[[package]]
name = "shogi_official_kifu"
version = "0.1.1"
dependencies = [
 "shogi_core",
 "shogi_legality_lite",
 "shogi_usi_parser",
]

[[package]]
name = "shogi_official_kifu_c"
version = "0.0.0-unpublished"
dependencies = [
 "shogi_official_kifu",
]

[[package]]
name = "shogi_usi_parser"
version = "0.1.0"
source = "registry+https://github.com/rust-lang/crates.io-index"
checksum = "f39adab2055cf0bc5c9523b237e14ad9aba385bc7ebf90c9385876a48cef8c62"
dependencies = [
 "shogi_core",
]
